// !$*UTF8*$!
{
	archiveVersion = 1;
	classes = {
	};
	objectVersion = 56;
	objects = {

/* Begin PBXBuildFile section */
		331664C72C71900C00968A73 /* ProfileViewModel.swift in Sources */ = {isa = PBXBuildFile; fileRef = 331664C62C71900C00968A73 /* ProfileViewModel.swift */; };
		331664C92C71D84000968A73 /* IMSUserTextField.swift in Sources */ = {isa = PBXBuildFile; fileRef = 331664C82C71D84000968A73 /* IMSUserTextField.swift */; };
		331664CB2C71E2EB00968A73 /* ProfileModels.swift in Sources */ = {isa = PBXBuildFile; fileRef = 331664CA2C71E2EB00968A73 /* ProfileModels.swift */; };
		332509B92C51E39800E10F94 /* SwiftDataProvider.swift in Sources */ = {isa = PBXBuildFile; fileRef = 332509B82C51E39800E10F94 /* SwiftDataProvider.swift */; };
		3331062B2C6B03750035644F /* ProductModel.swift in Sources */ = {isa = PBXBuildFile; fileRef = 3331062A2C6B03750035644F /* ProductModel.swift */; };
		3331062D2C6B171C0035644F /* ProductListViewModel.swift in Sources */ = {isa = PBXBuildFile; fileRef = 3331062C2C6B171C0035644F /* ProductListViewModel.swift */; };
		333106302C6BF0010035644F /* ProductCategory.swift in Sources */ = {isa = PBXBuildFile; fileRef = 3331062F2C6BF0010035644F /* ProductCategory.swift */; };
		333106322C6BF01B0035644F /* ProductState.swift in Sources */ = {isa = PBXBuildFile; fileRef = 333106312C6BF01B0035644F /* ProductState.swift */; };
		333A14F12C770A6400BBFACB /* ProductDetailView.swift in Sources */ = {isa = PBXBuildFile; fileRef = 333A14F02C770A6400BBFACB /* ProductDetailView.swift */; };
		333A14F32C78552A00BBFACB /* InvoicePreviewView.swift in Sources */ = {isa = PBXBuildFile; fileRef = 333A14F22C78552A00BBFACB /* InvoicePreviewView.swift */; };
		3353B6BD2C60852500202526 /* ProfileImage.swift in Sources */ = {isa = PBXBuildFile; fileRef = 3353B6BC2C60852500202526 /* ProfileImage.swift */; };
		3364271A2C7A796E005AC207 /* ProductCodeView.swift in Sources */ = {isa = PBXBuildFile; fileRef = 336427192C7A796E005AC207 /* ProductCodeView.swift */; };
		336AF5C12C744397009810A1 /* View+KeyboardReadable.swift in Sources */ = {isa = PBXBuildFile; fileRef = 336AF5C02C744397009810A1 /* View+KeyboardReadable.swift */; };
		336AF5C42C744846009810A1 /* OnkeyboardAppear.swift in Sources */ = {isa = PBXBuildFile; fileRef = 336AF5C32C744846009810A1 /* OnkeyboardAppear.swift */; };
		336AF5C72C747A91009810A1 /* CustomProgressView.swift in Sources */ = {isa = PBXBuildFile; fileRef = 336AF5C62C747A91009810A1 /* CustomProgressView.swift */; };
		33708CD62C7486A700BD811F /* UserListViewModel.swift in Sources */ = {isa = PBXBuildFile; fileRef = 33708CD52C7486A700BD811F /* UserListViewModel.swift */; };
		33708CD92C74897800BD811F /* DateFormatter.swift in Sources */ = {isa = PBXBuildFile; fileRef = 33708CD82C74897800BD811F /* DateFormatter.swift */; };
		33708CDB2C748B9600BD811F /* String+DateFormatter.swift in Sources */ = {isa = PBXBuildFile; fileRef = 33708CDA2C748B9600BD811F /* String+DateFormatter.swift */; };
		338DF8292C645DE200F72772 /* Donut.swift in Sources */ = {isa = PBXBuildFile; fileRef = 338DF8282C645DE200F72772 /* Donut.swift */; };
		338DF82B2C645E4D00F72772 /* DonutChart.swift in Sources */ = {isa = PBXBuildFile; fileRef = 338DF82A2C645E4D00F72772 /* DonutChart.swift */; };
		338DF82E2C64668B00F72772 /* ChartContainer.swift in Sources */ = {isa = PBXBuildFile; fileRef = 338DF82D2C64668B00F72772 /* ChartContainer.swift */; };
		338DF8312C64733300F72772 /* GraphView.swift in Sources */ = {isa = PBXBuildFile; fileRef = 338DF8302C64733300F72772 /* GraphView.swift */; };
		338DF8342C64846000F72772 /* BarChart.swift in Sources */ = {isa = PBXBuildFile; fileRef = 338DF8332C64846000F72772 /* BarChart.swift */; };
		338DF8372C65D66700F72772 /* View+OSType.swift in Sources */ = {isa = PBXBuildFile; fileRef = 338DF8362C65D66700F72772 /* View+OSType.swift */; };
		338DF83A2C65DA0300F72772 /* LeftGradient.swift in Sources */ = {isa = PBXBuildFile; fileRef = 338DF8392C65DA0300F72772 /* LeftGradient.swift */; };
		338DF83C2C65E5EA00F72772 /* BarItem.swift in Sources */ = {isa = PBXBuildFile; fileRef = 338DF83B2C65E5EA00F72772 /* BarItem.swift */; };
		33A580332C756F1F00C58AA2 /* GraphViewModel.swift in Sources */ = {isa = PBXBuildFile; fileRef = 33A580322C756F1F00C58AA2 /* GraphViewModel.swift */; };
		33A580372C759E5D00C58AA2 /* RegisterUserView.swift in Sources */ = {isa = PBXBuildFile; fileRef = 33A580362C759E5D00C58AA2 /* RegisterUserView.swift */; };
		33A580392C759EA500C58AA2 /* RegisterUserViewModel.swift in Sources */ = {isa = PBXBuildFile; fileRef = 33A580382C759EA500C58AA2 /* RegisterUserViewModel.swift */; };
		33A5803B2C759EFB00C58AA2 /* UserRegisterModel.swift in Sources */ = {isa = PBXBuildFile; fileRef = 33A5803A2C759EFB00C58AA2 /* UserRegisterModel.swift */; };
		33C941342C4F3A3E00F65E28 /* DataManager.swift in Sources */ = {isa = PBXBuildFile; fileRef = 33C941332C4F3A3E00F65E28 /* DataManager.swift */; };
		33C9413A2C4F42ED00F65E28 /* DataManagerError.swift in Sources */ = {isa = PBXBuildFile; fileRef = 33C941392C4F42ED00F65E28 /* DataManagerError.swift */; };
		33C9413D2C4F4DDC00F65E28 /* Product.swift in Sources */ = {isa = PBXBuildFile; fileRef = 33C9413C2C4F4DDC00F65E28 /* Product.swift */; };
		33EA67462C48BDA2007A9DBE /* IMS_AppleApp.swift in Sources */ = {isa = PBXBuildFile; fileRef = 33EA67452C48BDA2007A9DBE /* IMS_AppleApp.swift */; };
		33EA67482C48BDA2007A9DBE /* MainView.swift in Sources */ = {isa = PBXBuildFile; fileRef = 33EA67472C48BDA2007A9DBE /* MainView.swift */; };
		33EA674A2C48BDA4007A9DBE /* Assets.xcassets in Resources */ = {isa = PBXBuildFile; fileRef = 33EA67492C48BDA4007A9DBE /* Assets.xcassets */; };
		33EA674E2C48BDA4007A9DBE /* Preview Assets.xcassets in Resources */ = {isa = PBXBuildFile; fileRef = 33EA674D2C48BDA4007A9DBE /* Preview Assets.xcassets */; };
		33EEE8482C69822F001EC07F /* ProductListView.swift in Sources */ = {isa = PBXBuildFile; fileRef = 33EEE8472C69822F001EC07F /* ProductListView.swift */; };
		33FBF5B32C70225200ED5032 /* ProfileView.swift in Sources */ = {isa = PBXBuildFile; fileRef = 33FBF5B22C70225200ED5032 /* ProfileView.swift */; };
		35069C822C61C2E0001E854F /* SalesHistoryView.swift in Sources */ = {isa = PBXBuildFile; fileRef = 35069C812C61C2E0001E854F /* SalesHistoryView.swift */; };
		35069C842C61C3DE001E854F /* HistoryModel.swift in Sources */ = {isa = PBXBuildFile; fileRef = 35069C832C61C3DE001E854F /* HistoryModel.swift */; };
		350DA9372C703CBF0043567A /* AddProductViewModel.swift in Sources */ = {isa = PBXBuildFile; fileRef = 350DA9362C703CBF0043567A /* AddProductViewModel.swift */; };
		350DA9392C704C5D0043567A /* Binding+OnlyNumber.swift in Sources */ = {isa = PBXBuildFile; fileRef = 350DA9382C704C5D0043567A /* Binding+OnlyNumber.swift */; };
		35441DDB2C6C506500B13146 /* AddProductView.swift in Sources */ = {isa = PBXBuildFile; fileRef = 35441DDA2C6C506500B13146 /* AddProductView.swift */; };
		356743EE2C6AFA880073496B /* InvoiceSaleView.swift in Sources */ = {isa = PBXBuildFile; fileRef = 356743ED2C6AFA880073496B /* InvoiceSaleView.swift */; };
		35BAA8672C59D9540051FBCF /* UserListView.swift in Sources */ = {isa = PBXBuildFile; fileRef = 35BAA8662C59D9540051FBCF /* UserListView.swift */; };
		6DB536B12C5B38F7008676D7 /* GradientButtonStyle.swift in Sources */ = {isa = PBXBuildFile; fileRef = 6DB536B02C5B38F7008676D7 /* GradientButtonStyle.swift */; };
		6DB536B32C5B394C008676D7 /* SidebarButtonStyle.swift in Sources */ = {isa = PBXBuildFile; fileRef = 6DB536B22C5B394C008676D7 /* SidebarButtonStyle.swift */; };
		6DB536B62C5B3DDF008676D7 /* CustomDivider.swift in Sources */ = {isa = PBXBuildFile; fileRef = 6DB536B52C5B3DDF008676D7 /* CustomDivider.swift */; };
		6DB536B82C5B3EC8008676D7 /* Breadcrumb.swift in Sources */ = {isa = PBXBuildFile; fileRef = 6DB536B72C5B3EC8008676D7 /* Breadcrumb.swift */; };
		6DB536BB2C5B3F9B008676D7 /* Sidebar.swift in Sources */ = {isa = PBXBuildFile; fileRef = 6DB536BA2C5B3F9B008676D7 /* Sidebar.swift */; };
		6DB536BD2C5B3FC1008676D7 /* SidebarSection.swift in Sources */ = {isa = PBXBuildFile; fileRef = 6DB536BC2C5B3FC1008676D7 /* SidebarSection.swift */; };
		6DB536BF2C5B3FFC008676D7 /* SidebarItem.swift in Sources */ = {isa = PBXBuildFile; fileRef = 6DB536BE2C5B3FFC008676D7 /* SidebarItem.swift */; };
		BD164AAB2C78509A0088B958 /* InvoiceSaleModel.swift in Sources */ = {isa = PBXBuildFile; fileRef = BD164AAA2C78509A0088B958 /* InvoiceSaleModel.swift */; };
		BD164AAF2C785DD70088B958 /* InvoiceSaleViewModel.swift in Sources */ = {isa = PBXBuildFile; fileRef = BD164AAE2C785DD70088B958 /* InvoiceSaleViewModel.swift */; };
		BD1DE8F22C5D99F900F3D38D /* IMSTextFieldStyle.swift in Sources */ = {isa = PBXBuildFile; fileRef = BD1DE8F12C5D99F900F3D38D /* IMSTextFieldStyle.swift */; };
		BD1DE8FA2C5D9A2400F3D38D /* IMSTextField.swift in Sources */ = {isa = PBXBuildFile; fileRef = BD1DE8F82C5D9A2400F3D38D /* IMSTextField.swift */; };
		BD1DE8FB2C5D9A2400F3D38D /* IMSBackground.swift in Sources */ = {isa = PBXBuildFile; fileRef = BD1DE8F52C5D9A2400F3D38D /* IMSBackground.swift */; };
		BD1DE8FC2C5D9A2400F3D38D /* BlurCircle.swift in Sources */ = {isa = PBXBuildFile; fileRef = BD1DE8F32C5D9A2400F3D38D /* BlurCircle.swift */; };
		BD1DE8FD2C5D9A2400F3D38D /* IMSSecureField.swift in Sources */ = {isa = PBXBuildFile; fileRef = BD1DE8F72C5D9A2400F3D38D /* IMSSecureField.swift */; };
		BD1DE9012C5D9B2600F3D38D /* LoginView.swift in Sources */ = {isa = PBXBuildFile; fileRef = BD1DE8FE2C5D9B2600F3D38D /* LoginView.swift */; };
		BD56AE312C6FEBD20056FD18 /* LoginViewModel.swift in Sources */ = {isa = PBXBuildFile; fileRef = BD56AE302C6FEBD20056FD18 /* LoginViewModel.swift */; };
		BD56AE342C6FF39A0056FD18 /* Security.framework in Frameworks */ = {isa = PBXBuildFile; fileRef = BD56AE332C6FF39A0056FD18 /* Security.framework */; };
		BD5D706F2C6BFC1D00AFD054 /* ExportPDFButton.swift in Sources */ = {isa = PBXBuildFile; fileRef = BD5D706E2C6BFC1D00AFD054 /* ExportPDFButton.swift */; };
		BD6B28052C6F2E6B00BC73D2 /* HttpMethod.swift in Sources */ = {isa = PBXBuildFile; fileRef = BD6B27FF2C6F2E6B00BC73D2 /* HttpMethod.swift */; };
		BD6B28062C6F2E6B00BC73D2 /* IMSError.swift in Sources */ = {isa = PBXBuildFile; fileRef = BD6B28002C6F2E6B00BC73D2 /* IMSError.swift */; };
		BD6B28072C6F2E6B00BC73D2 /* NetworkManager.swift in Sources */ = {isa = PBXBuildFile; fileRef = BD6B28012C6F2E6B00BC73D2 /* NetworkManager.swift */; };
		BD6B28082C6F2E6B00BC73D2 /* AuthenticationManager.swift in Sources */ = {isa = PBXBuildFile; fileRef = BD6B28022C6F2E6B00BC73D2 /* AuthenticationManager.swift */; };
		BD6B28092C6F2E6B00BC73D2 /* UserModel.swift in Sources */ = {isa = PBXBuildFile; fileRef = BD6B28032C6F2E6B00BC73D2 /* UserModel.swift */; };
		BD85DB4A2C7444680076F612 /* ProductManager.swift in Sources */ = {isa = PBXBuildFile; fileRef = BD85DB492C7444680076F612 /* ProductManager.swift */; };
		BD9F215E2C69ACAB003E6255 /* ExporterButton.swift in Sources */ = {isa = PBXBuildFile; fileRef = BD9F215D2C69ACAB003E6255 /* ExporterButton.swift */; };
		BDD7125E2C642DD2000FAD7B /* FileFactory.swift in Sources */ = {isa = PBXBuildFile; fileRef = BDD7125D2C642DD2000FAD7B /* FileFactory.swift */; };
		BDF62E6B2C6C6E9D00867DA4 /* IMSDocument.swift in Sources */ = {isa = PBXBuildFile; fileRef = BDF62E6A2C6C6E9D00867DA4 /* IMSDocument.swift */; };
		BDFA27B02C771B66007F4EB0 /* ProductDetailViewModel.swift in Sources */ = {isa = PBXBuildFile; fileRef = BDFA27AF2C771B66007F4EB0 /* ProductDetailViewModel.swift */; };
		BDFBD8FE2C71D97800EF549C /* MainViewViewModel.swift in Sources */ = {isa = PBXBuildFile; fileRef = BDFBD8FD2C71D97800EF549C /* MainViewViewModel.swift */; };
/* End PBXBuildFile section */

/* Begin PBXFileReference section */
		331664C62C71900C00968A73 /* ProfileViewModel.swift */ = {isa = PBXFileReference; lastKnownFileType = sourcecode.swift; path = ProfileViewModel.swift; sourceTree = "<group>"; };
		331664C82C71D84000968A73 /* IMSUserTextField.swift */ = {isa = PBXFileReference; lastKnownFileType = sourcecode.swift; path = IMSUserTextField.swift; sourceTree = "<group>"; };
		331664CA2C71E2EB00968A73 /* ProfileModels.swift */ = {isa = PBXFileReference; lastKnownFileType = sourcecode.swift; path = ProfileModels.swift; sourceTree = "<group>"; };
		332509B82C51E39800E10F94 /* SwiftDataProvider.swift */ = {isa = PBXFileReference; lastKnownFileType = sourcecode.swift; path = SwiftDataProvider.swift; sourceTree = "<group>"; };
		3331062A2C6B03750035644F /* ProductModel.swift */ = {isa = PBXFileReference; lastKnownFileType = sourcecode.swift; path = ProductModel.swift; sourceTree = "<group>"; };
		3331062C2C6B171C0035644F /* ProductListViewModel.swift */ = {isa = PBXFileReference; lastKnownFileType = sourcecode.swift; path = ProductListViewModel.swift; sourceTree = "<group>"; };
		3331062F2C6BF0010035644F /* ProductCategory.swift */ = {isa = PBXFileReference; lastKnownFileType = sourcecode.swift; path = ProductCategory.swift; sourceTree = "<group>"; };
		333106312C6BF01B0035644F /* ProductState.swift */ = {isa = PBXFileReference; lastKnownFileType = sourcecode.swift; path = ProductState.swift; sourceTree = "<group>"; };
		333A14F02C770A6400BBFACB /* ProductDetailView.swift */ = {isa = PBXFileReference; lastKnownFileType = sourcecode.swift; path = ProductDetailView.swift; sourceTree = "<group>"; };
		333A14F22C78552A00BBFACB /* InvoicePreviewView.swift */ = {isa = PBXFileReference; lastKnownFileType = sourcecode.swift; path = InvoicePreviewView.swift; sourceTree = "<group>"; };
		3353B6BC2C60852500202526 /* ProfileImage.swift */ = {isa = PBXFileReference; lastKnownFileType = sourcecode.swift; path = ProfileImage.swift; sourceTree = "<group>"; };
		336427192C7A796E005AC207 /* ProductCodeView.swift */ = {isa = PBXFileReference; lastKnownFileType = sourcecode.swift; path = ProductCodeView.swift; sourceTree = "<group>"; };
		336AF5C02C744397009810A1 /* View+KeyboardReadable.swift */ = {isa = PBXFileReference; lastKnownFileType = sourcecode.swift; path = "View+KeyboardReadable.swift"; sourceTree = "<group>"; };
		336AF5C32C744846009810A1 /* OnkeyboardAppear.swift */ = {isa = PBXFileReference; lastKnownFileType = sourcecode.swift; path = OnkeyboardAppear.swift; sourceTree = "<group>"; };
		336AF5C62C747A91009810A1 /* CustomProgressView.swift */ = {isa = PBXFileReference; lastKnownFileType = sourcecode.swift; path = CustomProgressView.swift; sourceTree = "<group>"; };
		33708CD52C7486A700BD811F /* UserListViewModel.swift */ = {isa = PBXFileReference; lastKnownFileType = sourcecode.swift; path = UserListViewModel.swift; sourceTree = "<group>"; };
		33708CD82C74897800BD811F /* DateFormatter.swift */ = {isa = PBXFileReference; lastKnownFileType = sourcecode.swift; path = DateFormatter.swift; sourceTree = "<group>"; };
		33708CDA2C748B9600BD811F /* String+DateFormatter.swift */ = {isa = PBXFileReference; lastKnownFileType = sourcecode.swift; path = "String+DateFormatter.swift"; sourceTree = "<group>"; };
		338DF8282C645DE200F72772 /* Donut.swift */ = {isa = PBXFileReference; lastKnownFileType = sourcecode.swift; path = Donut.swift; sourceTree = "<group>"; };
		338DF82A2C645E4D00F72772 /* DonutChart.swift */ = {isa = PBXFileReference; lastKnownFileType = sourcecode.swift; path = DonutChart.swift; sourceTree = "<group>"; };
		338DF82D2C64668B00F72772 /* ChartContainer.swift */ = {isa = PBXFileReference; lastKnownFileType = sourcecode.swift; path = ChartContainer.swift; sourceTree = "<group>"; };
		338DF8302C64733300F72772 /* GraphView.swift */ = {isa = PBXFileReference; lastKnownFileType = sourcecode.swift; path = GraphView.swift; sourceTree = "<group>"; };
		338DF8332C64846000F72772 /* BarChart.swift */ = {isa = PBXFileReference; lastKnownFileType = sourcecode.swift; path = BarChart.swift; sourceTree = "<group>"; };
		338DF8362C65D66700F72772 /* View+OSType.swift */ = {isa = PBXFileReference; lastKnownFileType = sourcecode.swift; path = "View+OSType.swift"; sourceTree = "<group>"; };
		338DF8392C65DA0300F72772 /* LeftGradient.swift */ = {isa = PBXFileReference; lastKnownFileType = sourcecode.swift; path = LeftGradient.swift; sourceTree = "<group>"; };
		338DF83B2C65E5EA00F72772 /* BarItem.swift */ = {isa = PBXFileReference; lastKnownFileType = sourcecode.swift; path = BarItem.swift; sourceTree = "<group>"; };
		33A580322C756F1F00C58AA2 /* GraphViewModel.swift */ = {isa = PBXFileReference; lastKnownFileType = sourcecode.swift; path = GraphViewModel.swift; sourceTree = "<group>"; };
		33A580362C759E5D00C58AA2 /* RegisterUserView.swift */ = {isa = PBXFileReference; lastKnownFileType = sourcecode.swift; path = RegisterUserView.swift; sourceTree = "<group>"; };
		33A580382C759EA500C58AA2 /* RegisterUserViewModel.swift */ = {isa = PBXFileReference; lastKnownFileType = sourcecode.swift; path = RegisterUserViewModel.swift; sourceTree = "<group>"; };
		33A5803A2C759EFB00C58AA2 /* UserRegisterModel.swift */ = {isa = PBXFileReference; lastKnownFileType = sourcecode.swift; path = UserRegisterModel.swift; sourceTree = "<group>"; };
		33C941332C4F3A3E00F65E28 /* DataManager.swift */ = {isa = PBXFileReference; lastKnownFileType = sourcecode.swift; path = DataManager.swift; sourceTree = "<group>"; };
		33C941392C4F42ED00F65E28 /* DataManagerError.swift */ = {isa = PBXFileReference; lastKnownFileType = sourcecode.swift; path = DataManagerError.swift; sourceTree = "<group>"; };
		33C9413C2C4F4DDC00F65E28 /* Product.swift */ = {isa = PBXFileReference; lastKnownFileType = sourcecode.swift; path = Product.swift; sourceTree = "<group>"; };
		33EA67422C48BDA2007A9DBE /* IMS Apple.app */ = {isa = PBXFileReference; explicitFileType = wrapper.application; includeInIndex = 0; path = "IMS Apple.app"; sourceTree = BUILT_PRODUCTS_DIR; };
		33EA67452C48BDA2007A9DBE /* IMS_AppleApp.swift */ = {isa = PBXFileReference; lastKnownFileType = sourcecode.swift; path = IMS_AppleApp.swift; sourceTree = "<group>"; };
		33EA67472C48BDA2007A9DBE /* MainView.swift */ = {isa = PBXFileReference; lastKnownFileType = sourcecode.swift; path = MainView.swift; sourceTree = "<group>"; };
		33EA67492C48BDA4007A9DBE /* Assets.xcassets */ = {isa = PBXFileReference; lastKnownFileType = folder.assetcatalog; path = Assets.xcassets; sourceTree = "<group>"; };
		33EA674B2C48BDA4007A9DBE /* IMS_Apple.entitlements */ = {isa = PBXFileReference; lastKnownFileType = text.plist.entitlements; path = IMS_Apple.entitlements; sourceTree = "<group>"; };
		33EA674D2C48BDA4007A9DBE /* Preview Assets.xcassets */ = {isa = PBXFileReference; lastKnownFileType = folder.assetcatalog; path = "Preview Assets.xcassets"; sourceTree = "<group>"; };
		33EEE8472C69822F001EC07F /* ProductListView.swift */ = {isa = PBXFileReference; lastKnownFileType = sourcecode.swift; path = ProductListView.swift; sourceTree = "<group>"; };
		33FBF5B22C70225200ED5032 /* ProfileView.swift */ = {isa = PBXFileReference; lastKnownFileType = sourcecode.swift; path = ProfileView.swift; sourceTree = "<group>"; };
		35069C812C61C2E0001E854F /* SalesHistoryView.swift */ = {isa = PBXFileReference; lastKnownFileType = sourcecode.swift; path = SalesHistoryView.swift; sourceTree = "<group>"; };
		35069C832C61C3DE001E854F /* HistoryModel.swift */ = {isa = PBXFileReference; lastKnownFileType = sourcecode.swift; path = HistoryModel.swift; sourceTree = "<group>"; };
		350DA9362C703CBF0043567A /* AddProductViewModel.swift */ = {isa = PBXFileReference; lastKnownFileType = sourcecode.swift; path = AddProductViewModel.swift; sourceTree = "<group>"; };
		350DA9382C704C5D0043567A /* Binding+OnlyNumber.swift */ = {isa = PBXFileReference; lastKnownFileType = sourcecode.swift; path = "Binding+OnlyNumber.swift"; sourceTree = "<group>"; };
		35441DDA2C6C506500B13146 /* AddProductView.swift */ = {isa = PBXFileReference; lastKnownFileType = sourcecode.swift; path = AddProductView.swift; sourceTree = "<group>"; };
		356743ED2C6AFA880073496B /* InvoiceSaleView.swift */ = {isa = PBXFileReference; lastKnownFileType = sourcecode.swift; path = InvoiceSaleView.swift; sourceTree = "<group>"; };
		35BAA8662C59D9540051FBCF /* UserListView.swift */ = {isa = PBXFileReference; lastKnownFileType = sourcecode.swift; path = UserListView.swift; sourceTree = "<group>"; };
		6DB536B02C5B38F7008676D7 /* GradientButtonStyle.swift */ = {isa = PBXFileReference; lastKnownFileType = sourcecode.swift; path = GradientButtonStyle.swift; sourceTree = "<group>"; };
		6DB536B22C5B394C008676D7 /* SidebarButtonStyle.swift */ = {isa = PBXFileReference; lastKnownFileType = sourcecode.swift; path = SidebarButtonStyle.swift; sourceTree = "<group>"; };
		6DB536B52C5B3DDF008676D7 /* CustomDivider.swift */ = {isa = PBXFileReference; lastKnownFileType = sourcecode.swift; path = CustomDivider.swift; sourceTree = "<group>"; };
		6DB536B72C5B3EC8008676D7 /* Breadcrumb.swift */ = {isa = PBXFileReference; lastKnownFileType = sourcecode.swift; path = Breadcrumb.swift; sourceTree = "<group>"; };
		6DB536BA2C5B3F9B008676D7 /* Sidebar.swift */ = {isa = PBXFileReference; lastKnownFileType = sourcecode.swift; path = Sidebar.swift; sourceTree = "<group>"; };
		6DB536BC2C5B3FC1008676D7 /* SidebarSection.swift */ = {isa = PBXFileReference; lastKnownFileType = sourcecode.swift; path = SidebarSection.swift; sourceTree = "<group>"; };
		6DB536BE2C5B3FFC008676D7 /* SidebarItem.swift */ = {isa = PBXFileReference; lastKnownFileType = sourcecode.swift; path = SidebarItem.swift; sourceTree = "<group>"; };
		BD164AAA2C78509A0088B958 /* InvoiceSaleModel.swift */ = {isa = PBXFileReference; lastKnownFileType = sourcecode.swift; path = InvoiceSaleModel.swift; sourceTree = "<group>"; };
		BD164AAE2C785DD70088B958 /* InvoiceSaleViewModel.swift */ = {isa = PBXFileReference; lastKnownFileType = sourcecode.swift; path = InvoiceSaleViewModel.swift; sourceTree = "<group>"; };
		BD1DE8F12C5D99F900F3D38D /* IMSTextFieldStyle.swift */ = {isa = PBXFileReference; lastKnownFileType = sourcecode.swift; path = IMSTextFieldStyle.swift; sourceTree = "<group>"; };
		BD1DE8F32C5D9A2400F3D38D /* BlurCircle.swift */ = {isa = PBXFileReference; lastKnownFileType = sourcecode.swift; path = BlurCircle.swift; sourceTree = "<group>"; };
		BD1DE8F52C5D9A2400F3D38D /* IMSBackground.swift */ = {isa = PBXFileReference; lastKnownFileType = sourcecode.swift; path = IMSBackground.swift; sourceTree = "<group>"; };
		BD1DE8F72C5D9A2400F3D38D /* IMSSecureField.swift */ = {isa = PBXFileReference; lastKnownFileType = sourcecode.swift; path = IMSSecureField.swift; sourceTree = "<group>"; };
		BD1DE8F82C5D9A2400F3D38D /* IMSTextField.swift */ = {isa = PBXFileReference; lastKnownFileType = sourcecode.swift; path = IMSTextField.swift; sourceTree = "<group>"; };
		BD1DE8FE2C5D9B2600F3D38D /* LoginView.swift */ = {isa = PBXFileReference; lastKnownFileType = sourcecode.swift; path = LoginView.swift; sourceTree = "<group>"; };
		BD56AE302C6FEBD20056FD18 /* LoginViewModel.swift */ = {isa = PBXFileReference; lastKnownFileType = sourcecode.swift; path = LoginViewModel.swift; sourceTree = "<group>"; };
		BD56AE332C6FF39A0056FD18 /* Security.framework */ = {isa = PBXFileReference; lastKnownFileType = wrapper.framework; name = Security.framework; path = Platforms/iPhoneOS.platform/Developer/SDKs/iPhoneOS17.5.sdk/System/Library/Frameworks/Security.framework; sourceTree = DEVELOPER_DIR; };
		BD575F622C61D0F0001FF6F3 /* IMS-Apple-Info.plist */ = {isa = PBXFileReference; lastKnownFileType = text.plist; path = "IMS-Apple-Info.plist"; sourceTree = SOURCE_ROOT; };
		BD5D706E2C6BFC1D00AFD054 /* ExportPDFButton.swift */ = {isa = PBXFileReference; lastKnownFileType = sourcecode.swift; path = ExportPDFButton.swift; sourceTree = "<group>"; };
		BD6B27FF2C6F2E6B00BC73D2 /* HttpMethod.swift */ = {isa = PBXFileReference; fileEncoding = 4; lastKnownFileType = sourcecode.swift; path = HttpMethod.swift; sourceTree = "<group>"; };
		BD6B28002C6F2E6B00BC73D2 /* IMSError.swift */ = {isa = PBXFileReference; fileEncoding = 4; lastKnownFileType = sourcecode.swift; path = IMSError.swift; sourceTree = "<group>"; };
		BD6B28012C6F2E6B00BC73D2 /* NetworkManager.swift */ = {isa = PBXFileReference; fileEncoding = 4; lastKnownFileType = sourcecode.swift; path = NetworkManager.swift; sourceTree = "<group>"; };
		BD6B28022C6F2E6B00BC73D2 /* AuthenticationManager.swift */ = {isa = PBXFileReference; fileEncoding = 4; lastKnownFileType = sourcecode.swift; path = AuthenticationManager.swift; sourceTree = "<group>"; };
		BD6B28032C6F2E6B00BC73D2 /* UserModel.swift */ = {isa = PBXFileReference; fileEncoding = 4; lastKnownFileType = sourcecode.swift; path = UserModel.swift; sourceTree = "<group>"; };
		BD85DB492C7444680076F612 /* ProductManager.swift */ = {isa = PBXFileReference; lastKnownFileType = sourcecode.swift; path = ProductManager.swift; sourceTree = "<group>"; };
		BD9F215D2C69ACAB003E6255 /* ExporterButton.swift */ = {isa = PBXFileReference; lastKnownFileType = sourcecode.swift; path = ExporterButton.swift; sourceTree = "<group>"; };
		BDD7125D2C642DD2000FAD7B /* FileFactory.swift */ = {isa = PBXFileReference; lastKnownFileType = sourcecode.swift; path = FileFactory.swift; sourceTree = "<group>"; };
		BDF62E6A2C6C6E9D00867DA4 /* IMSDocument.swift */ = {isa = PBXFileReference; lastKnownFileType = sourcecode.swift; path = IMSDocument.swift; sourceTree = "<group>"; };
		BDFA27AF2C771B66007F4EB0 /* ProductDetailViewModel.swift */ = {isa = PBXFileReference; lastKnownFileType = sourcecode.swift; path = ProductDetailViewModel.swift; sourceTree = "<group>"; };
		BDFBD8FD2C71D97800EF549C /* MainViewViewModel.swift */ = {isa = PBXFileReference; lastKnownFileType = sourcecode.swift; path = MainViewViewModel.swift; sourceTree = "<group>"; };
/* End PBXFileReference section */

/* Begin PBXFrameworksBuildPhase section */
		33EA673F2C48BDA2007A9DBE /* Frameworks */ = {
			isa = PBXFrameworksBuildPhase;
			buildActionMask = 2147483647;
			files = (
				BD56AE342C6FF39A0056FD18 /* Security.framework in Frameworks */,
			);
			runOnlyForDeploymentPostprocessing = 0;
		};
/* End PBXFrameworksBuildPhase section */

/* Begin PBXGroup section */
		332509B72C51E37100E10F94 /* Providers */ = {
			isa = PBXGroup;
			children = (
				332509B82C51E39800E10F94 /* SwiftDataProvider.swift */,
			);
			path = Providers;
			sourceTree = "<group>";
		};
		3331062E2C6BEFCF0035644F /* ProductList */ = {
			isa = PBXGroup;
			children = (
				33EEE8472C69822F001EC07F /* ProductListView.swift */,
				3331062C2C6B171C0035644F /* ProductListViewModel.swift */,
			);
			path = ProductList;
			sourceTree = "<group>";
		};
		333A14EF2C770A4C00BBFACB /* ProductDetail */ = {
			isa = PBXGroup;
			children = (
				333A14F02C770A6400BBFACB /* ProductDetailView.swift */,
				BDFA27AF2C771B66007F4EB0 /* ProductDetailViewModel.swift */,
			);
			path = ProductDetail;
			sourceTree = "<group>";
		};
		333A40BE2C6F131000BEFE11 /* Buttons */ = {
			isa = PBXGroup;
			children = (
				BD5D706E2C6BFC1D00AFD054 /* ExportPDFButton.swift */,
			);
			path = Buttons;
			sourceTree = "<group>";
		};
		3353B6BB2C60850900202526 /* ProfileImage */ = {
			isa = PBXGroup;
			children = (
				3353B6BC2C60852500202526 /* ProfileImage.swift */,
			);
			path = ProfileImage;
			sourceTree = "<group>";
		};
		336427182C7A795A005AC207 /* ProductCode */ = {
			isa = PBXGroup;
			children = (
				336427192C7A796E005AC207 /* ProductCodeView.swift */,
			);
			path = ProductCode;
			sourceTree = "<group>";
		};
		336AF5C22C744827009810A1 /* Modifiers */ = {
			isa = PBXGroup;
			children = (
				336AF5C32C744846009810A1 /* OnkeyboardAppear.swift */,
			);
			path = Modifiers;
			sourceTree = "<group>";
		};
		336AF5C52C747A7E009810A1 /* Progress */ = {
			isa = PBXGroup;
			children = (
				336AF5C62C747A91009810A1 /* CustomProgressView.swift */,
			);
			path = Progress;
			sourceTree = "<group>";
		};
		33708CD22C74844000BD811F /* Managers */ = {
			isa = PBXGroup;
			children = (
				BD6B28012C6F2E6B00BC73D2 /* NetworkManager.swift */,
				BD6B28022C6F2E6B00BC73D2 /* AuthenticationManager.swift */,
				BD85DB492C7444680076F612 /* ProductManager.swift */,
			);
			path = Managers;
			sourceTree = "<group>";
		};
		33708CD72C74895000BD811F /* DateFormatter */ = {
			isa = PBXGroup;
			children = (
				33708CD82C74897800BD811F /* DateFormatter.swift */,
			);
			path = DateFormatter;
			sourceTree = "<group>";
		};
		338DF8262C645DC000F72772 /* Charts */ = {
			isa = PBXGroup;
			children = (
				338DF8322C64844600F72772 /* BarChart */,
				338DF8272C645DC600F72772 /* DonutChart */,
				338DF82D2C64668B00F72772 /* ChartContainer.swift */,
			);
			path = Charts;
			sourceTree = "<group>";
		};
		338DF8272C645DC600F72772 /* DonutChart */ = {
			isa = PBXGroup;
			children = (
				338DF8282C645DE200F72772 /* Donut.swift */,
				338DF82A2C645E4D00F72772 /* DonutChart.swift */,
			);
			path = DonutChart;
			sourceTree = "<group>";
		};
		338DF82F2C64731F00F72772 /* Graph */ = {
			isa = PBXGroup;
			children = (
				338DF8302C64733300F72772 /* GraphView.swift */,
				33A580322C756F1F00C58AA2 /* GraphViewModel.swift */,
			);
			path = Graph;
			sourceTree = "<group>";
		};
		338DF8322C64844600F72772 /* BarChart */ = {
			isa = PBXGroup;
			children = (
				338DF83B2C65E5EA00F72772 /* BarItem.swift */,
				338DF8332C64846000F72772 /* BarChart.swift */,
			);
			path = BarChart;
			sourceTree = "<group>";
		};
		338DF8352C65D64A00F72772 /* Extensions */ = {
			isa = PBXGroup;
			children = (
				338DF8362C65D66700F72772 /* View+OSType.swift */,
				350DA9382C704C5D0043567A /* Binding+OnlyNumber.swift */,
				336AF5C02C744397009810A1 /* View+KeyboardReadable.swift */,
				33708CDA2C748B9600BD811F /* String+DateFormatter.swift */,
			);
			path = Extensions;
			sourceTree = "<group>";
		};
		338DF8382C65D99C00F72772 /* Gradients */ = {
			isa = PBXGroup;
			children = (
				338DF8392C65DA0300F72772 /* LeftGradient.swift */,
			);
			path = Gradients;
			sourceTree = "<group>";
		};
		33A580342C759E1600C58AA2 /* UserList */ = {
			isa = PBXGroup;
			children = (
				35BAA8662C59D9540051FBCF /* UserListView.swift */,
				33708CD52C7486A700BD811F /* UserListViewModel.swift */,
			);
			path = UserList;
			sourceTree = "<group>";
		};
		33A580352C759E2300C58AA2 /* RegisterUser */ = {
			isa = PBXGroup;
			children = (
				33A580362C759E5D00C58AA2 /* RegisterUserView.swift */,
				33A580382C759EA500C58AA2 /* RegisterUserViewModel.swift */,
			);
			path = RegisterUser;
			sourceTree = "<group>";
		};
		33C941322C4F394E00F65E28 /* Persistence */ = {
			isa = PBXGroup;
			children = (
				332509B72C51E37100E10F94 /* Providers */,
				33C9413B2C4F4DD300F65E28 /* Models */,
				33C941382C4F42E100F65E28 /* Errors */,
				33C941332C4F3A3E00F65E28 /* DataManager.swift */,
			);
			path = Persistence;
			sourceTree = "<group>";
		};
		33C941382C4F42E100F65E28 /* Errors */ = {
			isa = PBXGroup;
			children = (
				33C941392C4F42ED00F65E28 /* DataManagerError.swift */,
			);
			path = Errors;
			sourceTree = "<group>";
		};
		33C9413B2C4F4DD300F65E28 /* Models */ = {
			isa = PBXGroup;
			children = (
				33C9413C2C4F4DDC00F65E28 /* Product.swift */,
			);
			path = Models;
			sourceTree = "<group>";
		};
		33EA67392C48BDA2007A9DBE = {
			isa = PBXGroup;
			children = (
				33EA67442C48BDA2007A9DBE /* IMS Apple */,
				33EA67432C48BDA2007A9DBE /* Products */,
				BD56AE322C6FF39A0056FD18 /* Frameworks */,
			);
			sourceTree = "<group>";
		};
		33EA67432C48BDA2007A9DBE /* Products */ = {
			isa = PBXGroup;
			children = (
				33EA67422C48BDA2007A9DBE /* IMS Apple.app */,
			);
			name = Products;
			sourceTree = "<group>";
		};
		33EA67442C48BDA2007A9DBE /* IMS Apple */ = {
			isa = PBXGroup;
			children = (
				BD6B27FE2C6F2E3400BC73D2 /* Networking */,
				BD575F622C61D0F0001FF6F3 /* IMS-Apple-Info.plist */,
				6DB536B42C5B3B66008676D7 /* MockData */,
				35FDA06C2C5B24AE004A4849 /* Utilities */,
				33F848362C5081040065B0D4 /* Views */,
				33C941322C4F394E00F65E28 /* Persistence */,
				33EA67452C48BDA2007A9DBE /* IMS_AppleApp.swift */,
				33EA67492C48BDA4007A9DBE /* Assets.xcassets */,
				33EA674B2C48BDA4007A9DBE /* IMS_Apple.entitlements */,
				33EA674C2C48BDA4007A9DBE /* Preview Content */,
			);
			path = "IMS Apple";
			sourceTree = "<group>";
		};
		33EA674C2C48BDA4007A9DBE /* Preview Content */ = {
			isa = PBXGroup;
			children = (
				33EA674D2C48BDA4007A9DBE /* Preview Assets.xcassets */,
			);
			path = "Preview Content";
			sourceTree = "<group>";
		};
		33EEE8462C698209001EC07F /* Products */ = {
			isa = PBXGroup;
			children = (
				333106312C6BF01B0035644F /* ProductState.swift */,
				3331062F2C6BF0010035644F /* ProductCategory.swift */,
				35441DD92C6C505300B13146 /* AddProduct */,
				3331062E2C6BEFCF0035644F /* ProductList */,
				333A14EF2C770A4C00BBFACB /* ProductDetail */,
			);
			path = Products;
			sourceTree = "<group>";
		};
		33F848362C5081040065B0D4 /* Views */ = {
			isa = PBXGroup;
			children = (
				33FBF5B12C7020B500ED5032 /* User */,
				356743EA2C6AFA350073496B /* InvoiceSale */,
				33EEE8462C698209001EC07F /* Products */,
				35069C802C61C2C8001E854F /* History */,
				BD1DE9002C5D9B2600F3D38D /* Login */,
				6DB536C02C5B443E008676D7 /* Main */,
				338DF82F2C64731F00F72772 /* Graph */,
				35BAA8652C59D91F0051FBCF /* Users */,
			);
			path = Views;
			sourceTree = "<group>";
		};
		33FBF5B12C7020B500ED5032 /* User */ = {
			isa = PBXGroup;
			children = (
				33FBF5B22C70225200ED5032 /* ProfileView.swift */,
				331664C62C71900C00968A73 /* ProfileViewModel.swift */,
				331664CA2C71E2EB00968A73 /* ProfileModels.swift */,
			);
			path = User;
			sourceTree = "<group>";
		};
		35069C802C61C2C8001E854F /* History */ = {
			isa = PBXGroup;
			children = (
				35069C812C61C2E0001E854F /* SalesHistoryView.swift */,
			);
			path = History;
			sourceTree = "<group>";
		};
		35441DD92C6C505300B13146 /* AddProduct */ = {
			isa = PBXGroup;
			children = (
				35441DDA2C6C506500B13146 /* AddProductView.swift */,
				350DA9362C703CBF0043567A /* AddProductViewModel.swift */,
			);
			path = AddProduct;
			sourceTree = "<group>";
		};
		356743EA2C6AFA350073496B /* InvoiceSale */ = {
			isa = PBXGroup;
			children = (
				336427182C7A795A005AC207 /* ProductCode */,
				BD164AAA2C78509A0088B958 /* InvoiceSaleModel.swift */,
				356743ED2C6AFA880073496B /* InvoiceSaleView.swift */,
				BD164AAE2C785DD70088B958 /* InvoiceSaleViewModel.swift */,
				333A14F22C78552A00BBFACB /* InvoicePreviewView.swift */,
			);
			path = InvoiceSale;
			sourceTree = "<group>";
		};
		35BAA8652C59D91F0051FBCF /* Users */ = {
			isa = PBXGroup;
			children = (
				33A580352C759E2300C58AA2 /* RegisterUser */,
				33A580342C759E1600C58AA2 /* UserList */,
			);
			path = Users;
			sourceTree = "<group>";
		};
		35FDA06C2C5B24AE004A4849 /* Utilities */ = {
			isa = PBXGroup;
			children = (
				33708CD72C74895000BD811F /* DateFormatter */,
				336AF5C22C744827009810A1 /* Modifiers */,
				BDD7125C2C6426EF000FAD7B /* Exporter */,
				338DF8352C65D64A00F72772 /* Extensions */,
				6DB536AE2C5B38D5008676D7 /* Components */,
			);
			path = Utilities;
			sourceTree = "<group>";
		};
		35FDA06F2C5B3374004A4849 /* Models */ = {
			isa = PBXGroup;
			children = (
				35069C832C61C3DE001E854F /* HistoryModel.swift */,
			);
			path = Models;
			sourceTree = "<group>";
		};
		6DB536AE2C5B38D5008676D7 /* Components */ = {
			isa = PBXGroup;
			children = (
				336AF5C52C747A7E009810A1 /* Progress */,
				333A40BE2C6F131000BEFE11 /* Buttons */,
				338DF8382C65D99C00F72772 /* Gradients */,
				338DF8262C645DC000F72772 /* Charts */,
				3353B6BB2C60850900202526 /* ProfileImage */,
				BD1DE8F42C5D9A2400F3D38D /* BlurCircle */,
				BD1DE8F62C5D9A2400F3D38D /* IMSBackground */,
				BD1DE8F92C5D9A2400F3D38D /* IMSTextField */,
				6DB536B92C5B3F8A008676D7 /* Sidebar */,
				6DB536AF2C5B38E4008676D7 /* CustomStyles */,
				6DB536B52C5B3DDF008676D7 /* CustomDivider.swift */,
				6DB536B72C5B3EC8008676D7 /* Breadcrumb.swift */,
			);
			path = Components;
			sourceTree = "<group>";
		};
		6DB536AF2C5B38E4008676D7 /* CustomStyles */ = {
			isa = PBXGroup;
			children = (
				6DB536B02C5B38F7008676D7 /* GradientButtonStyle.swift */,
				6DB536B22C5B394C008676D7 /* SidebarButtonStyle.swift */,
				BD1DE8F12C5D99F900F3D38D /* IMSTextFieldStyle.swift */,
			);
			path = CustomStyles;
			sourceTree = "<group>";
		};
		6DB536B42C5B3B66008676D7 /* MockData */ = {
			isa = PBXGroup;
			children = (
				35FDA06F2C5B3374004A4849 /* Models */,
			);
			path = MockData;
			sourceTree = "<group>";
		};
		6DB536B92C5B3F8A008676D7 /* Sidebar */ = {
			isa = PBXGroup;
			children = (
				6DB536BA2C5B3F9B008676D7 /* Sidebar.swift */,
				6DB536BC2C5B3FC1008676D7 /* SidebarSection.swift */,
				6DB536BE2C5B3FFC008676D7 /* SidebarItem.swift */,
			);
			path = Sidebar;
			sourceTree = "<group>";
		};
		6DB536C02C5B443E008676D7 /* Main */ = {
			isa = PBXGroup;
			children = (
				33EA67472C48BDA2007A9DBE /* MainView.swift */,
				BDFBD8FD2C71D97800EF549C /* MainViewViewModel.swift */,
			);
			path = Main;
			sourceTree = "<group>";
		};
		BD1DE8F42C5D9A2400F3D38D /* BlurCircle */ = {
			isa = PBXGroup;
			children = (
				BD1DE8F32C5D9A2400F3D38D /* BlurCircle.swift */,
			);
			path = BlurCircle;
			sourceTree = "<group>";
		};
		BD1DE8F62C5D9A2400F3D38D /* IMSBackground */ = {
			isa = PBXGroup;
			children = (
				BD1DE8F52C5D9A2400F3D38D /* IMSBackground.swift */,
			);
			path = IMSBackground;
			sourceTree = "<group>";
		};
		BD1DE8F92C5D9A2400F3D38D /* IMSTextField */ = {
			isa = PBXGroup;
			children = (
				BD1DE8F72C5D9A2400F3D38D /* IMSSecureField.swift */,
				BD1DE8F82C5D9A2400F3D38D /* IMSTextField.swift */,
				331664C82C71D84000968A73 /* IMSUserTextField.swift */,
			);
			path = IMSTextField;
			sourceTree = "<group>";
		};
		BD1DE9002C5D9B2600F3D38D /* Login */ = {
			isa = PBXGroup;
			children = (
				BD1DE8FE2C5D9B2600F3D38D /* LoginView.swift */,
				BD56AE302C6FEBD20056FD18 /* LoginViewModel.swift */,
			);
			path = Login;
			sourceTree = "<group>";
		};
		BD56AE322C6FF39A0056FD18 /* Frameworks */ = {
			isa = PBXGroup;
			children = (
				BD56AE332C6FF39A0056FD18 /* Security.framework */,
			);
			name = Frameworks;
			sourceTree = "<group>";
		};
		BD6B27FE2C6F2E3400BC73D2 /* Networking */ = {
			isa = PBXGroup;
			children = (
				33708CD22C74844000BD811F /* Managers */,
				BD6B28042C6F2E6B00BC73D2 /* Models */,
				BD6B27FF2C6F2E6B00BC73D2 /* HttpMethod.swift */,
				BD6B28002C6F2E6B00BC73D2 /* IMSError.swift */,
			);
			path = Networking;
			sourceTree = "<group>";
		};
		BD6B28042C6F2E6B00BC73D2 /* Models */ = {
			isa = PBXGroup;
			children = (
				BD6B28032C6F2E6B00BC73D2 /* UserModel.swift */,
				3331062A2C6B03750035644F /* ProductModel.swift */,
				33A5803A2C759EFB00C58AA2 /* UserRegisterModel.swift */,
			);
			path = Models;
			sourceTree = "<group>";
		};
		BDD7125C2C6426EF000FAD7B /* Exporter */ = {
			isa = PBXGroup;
			children = (
				BDD7125D2C642DD2000FAD7B /* FileFactory.swift */,
				BD9F215D2C69ACAB003E6255 /* ExporterButton.swift */,
				BDF62E6A2C6C6E9D00867DA4 /* IMSDocument.swift */,
			);
			path = Exporter;
			sourceTree = "<group>";
		};
/* End PBXGroup section */

/* Begin PBXNativeTarget section */
		33EA67412C48BDA2007A9DBE /* IMS Apple */ = {
			isa = PBXNativeTarget;
			buildConfigurationList = 33EA67512C48BDA4007A9DBE /* Build configuration list for PBXNativeTarget "IMS Apple" */;
			buildPhases = (
				33EA673E2C48BDA2007A9DBE /* Sources */,
				33EA673F2C48BDA2007A9DBE /* Frameworks */,
				33EA67402C48BDA2007A9DBE /* Resources */,
			);
			buildRules = (
			);
			dependencies = (
			);
			name = "IMS Apple";
			productName = "IMS Apple";
			productReference = 33EA67422C48BDA2007A9DBE /* IMS Apple.app */;
			productType = "com.apple.product-type.application";
		};
/* End PBXNativeTarget section */

/* Begin PBXProject section */
		33EA673A2C48BDA2007A9DBE /* Project object */ = {
			isa = PBXProject;
			attributes = {
				BuildIndependentTargetsInParallel = 1;
				LastSwiftUpdateCheck = 1500;
				LastUpgradeCheck = 1500;
				TargetAttributes = {
					33EA67412C48BDA2007A9DBE = {
						CreatedOnToolsVersion = 15.0;
					};
				};
			};
			buildConfigurationList = 33EA673D2C48BDA2007A9DBE /* Build configuration list for PBXProject "IMS Apple" */;
			compatibilityVersion = "Xcode 14.0";
			developmentRegion = en;
			hasScannedForEncodings = 0;
			knownRegions = (
				en,
				Base,
			);
			mainGroup = 33EA67392C48BDA2007A9DBE;
			productRefGroup = 33EA67432C48BDA2007A9DBE /* Products */;
			projectDirPath = "";
			projectRoot = "";
			targets = (
				33EA67412C48BDA2007A9DBE /* IMS Apple */,
			);
		};
/* End PBXProject section */

/* Begin PBXResourcesBuildPhase section */
		33EA67402C48BDA2007A9DBE /* Resources */ = {
			isa = PBXResourcesBuildPhase;
			buildActionMask = 2147483647;
			files = (
				33EA674E2C48BDA4007A9DBE /* Preview Assets.xcassets in Resources */,
				33EA674A2C48BDA4007A9DBE /* Assets.xcassets in Resources */,
			);
			runOnlyForDeploymentPostprocessing = 0;
		};
/* End PBXResourcesBuildPhase section */

/* Begin PBXSourcesBuildPhase section */
		33EA673E2C48BDA2007A9DBE /* Sources */ = {
			isa = PBXSourcesBuildPhase;
			buildActionMask = 2147483647;
			files = (
				33C9413A2C4F42ED00F65E28 /* DataManagerError.swift in Sources */,
				338DF82E2C64668B00F72772 /* ChartContainer.swift in Sources */,
				33A580332C756F1F00C58AA2 /* GraphViewModel.swift in Sources */,
				331664C92C71D84000968A73 /* IMSUserTextField.swift in Sources */,
				BDFBD8FE2C71D97800EF549C /* MainViewViewModel.swift in Sources */,
				6DB536B12C5B38F7008676D7 /* GradientButtonStyle.swift in Sources */,
				338DF83A2C65DA0300F72772 /* LeftGradient.swift in Sources */,
				6DB536BD2C5B3FC1008676D7 /* SidebarSection.swift in Sources */,
				35BAA8672C59D9540051FBCF /* UserListView.swift in Sources */,
				BD9F215E2C69ACAB003E6255 /* ExporterButton.swift in Sources */,
				333A14F32C78552A00BBFACB /* InvoicePreviewView.swift in Sources */,
				33EA67482C48BDA2007A9DBE /* MainView.swift in Sources */,
				BD1DE8F22C5D99F900F3D38D /* IMSTextFieldStyle.swift in Sources */,
				336AF5C42C744846009810A1 /* OnkeyboardAppear.swift in Sources */,
				350DA9392C704C5D0043567A /* Binding+OnlyNumber.swift in Sources */,
				338DF8292C645DE200F72772 /* Donut.swift in Sources */,
				336AF5C12C744397009810A1 /* View+KeyboardReadable.swift in Sources */,
				6DB536B32C5B394C008676D7 /* SidebarButtonStyle.swift in Sources */,
				33C9413D2C4F4DDC00F65E28 /* Product.swift in Sources */,
				33708CDB2C748B9600BD811F /* String+DateFormatter.swift in Sources */,
				6DB536B62C5B3DDF008676D7 /* CustomDivider.swift in Sources */,
				33FBF5B32C70225200ED5032 /* ProfileView.swift in Sources */,
				6DB536BF2C5B3FFC008676D7 /* SidebarItem.swift in Sources */,
				35441DDB2C6C506500B13146 /* AddProductView.swift in Sources */,
				3331062B2C6B03750035644F /* ProductModel.swift in Sources */,
				33C941342C4F3A3E00F65E28 /* DataManager.swift in Sources */,
				BD1DE8FA2C5D9A2400F3D38D /* IMSTextField.swift in Sources */,
				BDD7125E2C642DD2000FAD7B /* FileFactory.swift in Sources */,
				356743EE2C6AFA880073496B /* InvoiceSaleView.swift in Sources */,
				331664C72C71900C00968A73 /* ProfileViewModel.swift in Sources */,
				BD1DE8FB2C5D9A2400F3D38D /* IMSBackground.swift in Sources */,
				BD1DE8FC2C5D9A2400F3D38D /* BlurCircle.swift in Sources */,
				BD6B28082C6F2E6B00BC73D2 /* AuthenticationManager.swift in Sources */,
				BD6B28052C6F2E6B00BC73D2 /* HttpMethod.swift in Sources */,
				35069C842C61C3DE001E854F /* HistoryModel.swift in Sources */,
				338DF82B2C645E4D00F72772 /* DonutChart.swift in Sources */,
				350DA9372C703CBF0043567A /* AddProductViewModel.swift in Sources */,
				BD1DE8FD2C5D9A2400F3D38D /* IMSSecureField.swift in Sources */,
				338DF8372C65D66700F72772 /* View+OSType.swift in Sources */,
				BD1DE9012C5D9B2600F3D38D /* LoginView.swift in Sources */,
				BDFA27B02C771B66007F4EB0 /* ProductDetailViewModel.swift in Sources */,
				BD6B28072C6F2E6B00BC73D2 /* NetworkManager.swift in Sources */,
				35069C822C61C2E0001E854F /* SalesHistoryView.swift in Sources */,
				BD6B28062C6F2E6B00BC73D2 /* IMSError.swift in Sources */,
				3364271A2C7A796E005AC207 /* ProductCodeView.swift in Sources */,
				331664CB2C71E2EB00968A73 /* ProfileModels.swift in Sources */,
				33EEE8482C69822F001EC07F /* ProductListView.swift in Sources */,
				338DF8342C64846000F72772 /* BarChart.swift in Sources */,
				33A580392C759EA500C58AA2 /* RegisterUserViewModel.swift in Sources */,
				BD56AE312C6FEBD20056FD18 /* LoginViewModel.swift in Sources */,
				333A14F12C770A6400BBFACB /* ProductDetailView.swift in Sources */,
				338DF83C2C65E5EA00F72772 /* BarItem.swift in Sources */,
				33708CD92C74897800BD811F /* DateFormatter.swift in Sources */,
				33A580372C759E5D00C58AA2 /* RegisterUserView.swift in Sources */,
				338DF8312C64733300F72772 /* GraphView.swift in Sources */,
				332509B92C51E39800E10F94 /* SwiftDataProvider.swift in Sources */,
				333106322C6BF01B0035644F /* ProductState.swift in Sources */,
				333106302C6BF0010035644F /* ProductCategory.swift in Sources */,
				33708CD62C7486A700BD811F /* UserListViewModel.swift in Sources */,
				33A5803B2C759EFB00C58AA2 /* UserRegisterModel.swift in Sources */,
				6DB536B82C5B3EC8008676D7 /* Breadcrumb.swift in Sources */,
				3353B6BD2C60852500202526 /* ProfileImage.swift in Sources */,
				BDF62E6B2C6C6E9D00867DA4 /* IMSDocument.swift in Sources */,
				6DB536BB2C5B3F9B008676D7 /* Sidebar.swift in Sources */,
				BD164AAB2C78509A0088B958 /* InvoiceSaleModel.swift in Sources */,
				BD85DB4A2C7444680076F612 /* ProductManager.swift in Sources */,
				BD164AAF2C785DD70088B958 /* InvoiceSaleViewModel.swift in Sources */,
				BD5D706F2C6BFC1D00AFD054 /* ExportPDFButton.swift in Sources */,
				3331062D2C6B171C0035644F /* ProductListViewModel.swift in Sources */,
				33EA67462C48BDA2007A9DBE /* IMS_AppleApp.swift in Sources */,
				336AF5C72C747A91009810A1 /* CustomProgressView.swift in Sources */,
				BD6B28092C6F2E6B00BC73D2 /* UserModel.swift in Sources */,
			);
			runOnlyForDeploymentPostprocessing = 0;
		};
/* End PBXSourcesBuildPhase section */

/* Begin XCBuildConfiguration section */
		33EA674F2C48BDA4007A9DBE /* Debug */ = {
			isa = XCBuildConfiguration;
			buildSettings = {
				ALWAYS_SEARCH_USER_PATHS = NO;
				ASSETCATALOG_COMPILER_GENERATE_SWIFT_ASSET_SYMBOL_EXTENSIONS = YES;
				CLANG_ANALYZER_NONNULL = YES;
				CLANG_ANALYZER_NUMBER_OBJECT_CONVERSION = YES_AGGRESSIVE;
				CLANG_CXX_LANGUAGE_STANDARD = "gnu++20";
				CLANG_ENABLE_MODULES = YES;
				CLANG_ENABLE_OBJC_ARC = YES;
				CLANG_ENABLE_OBJC_WEAK = YES;
				CLANG_WARN_BLOCK_CAPTURE_AUTORELEASING = YES;
				CLANG_WARN_BOOL_CONVERSION = YES;
				CLANG_WARN_COMMA = YES;
				CLANG_WARN_CONSTANT_CONVERSION = YES;
				CLANG_WARN_DEPRECATED_OBJC_IMPLEMENTATIONS = YES;
				CLANG_WARN_DIRECT_OBJC_ISA_USAGE = YES_ERROR;
				CLANG_WARN_DOCUMENTATION_COMMENTS = YES;
				CLANG_WARN_EMPTY_BODY = YES;
				CLANG_WARN_ENUM_CONVERSION = YES;
				CLANG_WARN_INFINITE_RECURSION = YES;
				CLANG_WARN_INT_CONVERSION = YES;
				CLANG_WARN_NON_LITERAL_NULL_CONVERSION = YES;
				CLANG_WARN_OBJC_IMPLICIT_RETAIN_SELF = YES;
				CLANG_WARN_OBJC_LITERAL_CONVERSION = YES;
				CLANG_WARN_OBJC_ROOT_CLASS = YES_ERROR;
				CLANG_WARN_QUOTED_INCLUDE_IN_FRAMEWORK_HEADER = YES;
				CLANG_WARN_RANGE_LOOP_ANALYSIS = YES;
				CLANG_WARN_STRICT_PROTOTYPES = YES;
				CLANG_WARN_SUSPICIOUS_MOVE = YES;
				CLANG_WARN_UNGUARDED_AVAILABILITY = YES_AGGRESSIVE;
				CLANG_WARN_UNREACHABLE_CODE = YES;
				CLANG_WARN__DUPLICATE_METHOD_MATCH = YES;
				COPY_PHASE_STRIP = NO;
				DEBUG_INFORMATION_FORMAT = dwarf;
				ENABLE_STRICT_OBJC_MSGSEND = YES;
				ENABLE_TESTABILITY = YES;
				ENABLE_USER_SCRIPT_SANDBOXING = YES;
				GCC_C_LANGUAGE_STANDARD = gnu17;
				GCC_DYNAMIC_NO_PIC = NO;
				GCC_NO_COMMON_BLOCKS = YES;
				GCC_OPTIMIZATION_LEVEL = 0;
				GCC_PREPROCESSOR_DEFINITIONS = (
					"DEBUG=1",
					"$(inherited)",
				);
				GCC_WARN_64_TO_32_BIT_CONVERSION = YES;
				GCC_WARN_ABOUT_RETURN_TYPE = YES_ERROR;
				GCC_WARN_UNDECLARED_SELECTOR = YES;
				GCC_WARN_UNINITIALIZED_AUTOS = YES_AGGRESSIVE;
				GCC_WARN_UNUSED_FUNCTION = YES;
				GCC_WARN_UNUSED_VARIABLE = YES;
				LOCALIZATION_PREFERS_STRING_CATALOGS = YES;
				MTL_ENABLE_DEBUG_INFO = INCLUDE_SOURCE;
				MTL_FAST_MATH = YES;
				ONLY_ACTIVE_ARCH = YES;
				SWIFT_ACTIVE_COMPILATION_CONDITIONS = "DEBUG $(inherited)";
				SWIFT_OPTIMIZATION_LEVEL = "-Onone";
			};
			name = Debug;
		};
		33EA67502C48BDA4007A9DBE /* Release */ = {
			isa = XCBuildConfiguration;
			buildSettings = {
				ALWAYS_SEARCH_USER_PATHS = NO;
				ASSETCATALOG_COMPILER_GENERATE_SWIFT_ASSET_SYMBOL_EXTENSIONS = YES;
				CLANG_ANALYZER_NONNULL = YES;
				CLANG_ANALYZER_NUMBER_OBJECT_CONVERSION = YES_AGGRESSIVE;
				CLANG_CXX_LANGUAGE_STANDARD = "gnu++20";
				CLANG_ENABLE_MODULES = YES;
				CLANG_ENABLE_OBJC_ARC = YES;
				CLANG_ENABLE_OBJC_WEAK = YES;
				CLANG_WARN_BLOCK_CAPTURE_AUTORELEASING = YES;
				CLANG_WARN_BOOL_CONVERSION = YES;
				CLANG_WARN_COMMA = YES;
				CLANG_WARN_CONSTANT_CONVERSION = YES;
				CLANG_WARN_DEPRECATED_OBJC_IMPLEMENTATIONS = YES;
				CLANG_WARN_DIRECT_OBJC_ISA_USAGE = YES_ERROR;
				CLANG_WARN_DOCUMENTATION_COMMENTS = YES;
				CLANG_WARN_EMPTY_BODY = YES;
				CLANG_WARN_ENUM_CONVERSION = YES;
				CLANG_WARN_INFINITE_RECURSION = YES;
				CLANG_WARN_INT_CONVERSION = YES;
				CLANG_WARN_NON_LITERAL_NULL_CONVERSION = YES;
				CLANG_WARN_OBJC_IMPLICIT_RETAIN_SELF = YES;
				CLANG_WARN_OBJC_LITERAL_CONVERSION = YES;
				CLANG_WARN_OBJC_ROOT_CLASS = YES_ERROR;
				CLANG_WARN_QUOTED_INCLUDE_IN_FRAMEWORK_HEADER = YES;
				CLANG_WARN_RANGE_LOOP_ANALYSIS = YES;
				CLANG_WARN_STRICT_PROTOTYPES = YES;
				CLANG_WARN_SUSPICIOUS_MOVE = YES;
				CLANG_WARN_UNGUARDED_AVAILABILITY = YES_AGGRESSIVE;
				CLANG_WARN_UNREACHABLE_CODE = YES;
				CLANG_WARN__DUPLICATE_METHOD_MATCH = YES;
				COPY_PHASE_STRIP = NO;
				DEBUG_INFORMATION_FORMAT = "dwarf-with-dsym";
				ENABLE_NS_ASSERTIONS = NO;
				ENABLE_STRICT_OBJC_MSGSEND = YES;
				ENABLE_USER_SCRIPT_SANDBOXING = YES;
				GCC_C_LANGUAGE_STANDARD = gnu17;
				GCC_NO_COMMON_BLOCKS = YES;
				GCC_WARN_64_TO_32_BIT_CONVERSION = YES;
				GCC_WARN_ABOUT_RETURN_TYPE = YES_ERROR;
				GCC_WARN_UNDECLARED_SELECTOR = YES;
				GCC_WARN_UNINITIALIZED_AUTOS = YES_AGGRESSIVE;
				GCC_WARN_UNUSED_FUNCTION = YES;
				GCC_WARN_UNUSED_VARIABLE = YES;
				LOCALIZATION_PREFERS_STRING_CATALOGS = YES;
				MTL_ENABLE_DEBUG_INFO = NO;
				MTL_FAST_MATH = YES;
				SWIFT_COMPILATION_MODE = wholemodule;
			};
			name = Release;
		};
		33EA67522C48BDA4007A9DBE /* Debug */ = {
			isa = XCBuildConfiguration;
			buildSettings = {
				ASSETCATALOG_COMPILER_APPICON_NAME = AppIcon;
				ASSETCATALOG_COMPILER_GLOBAL_ACCENT_COLOR_NAME = AccentColor;
				CODE_SIGN_ENTITLEMENTS = "IMS Apple/IMS_Apple.entitlements";
				CODE_SIGN_STYLE = Automatic;
				CURRENT_PROJECT_VERSION = 1;
				DEVELOPMENT_ASSET_PATHS = "\"IMS Apple/Preview Content\"";
				DEVELOPMENT_TEAM = "";
				ENABLE_HARDENED_RUNTIME = YES;
				ENABLE_PREVIEWS = YES;
				GENERATE_INFOPLIST_FILE = YES;
				INFOPLIST_FILE = "IMS-Apple-Info.plist";
				INFOPLIST_KEY_CFBundleDisplayName = "";
				INFOPLIST_KEY_LSApplicationCategoryType = "";
				INFOPLIST_KEY_NSDocumentsFolderUsageDescription = "This app needs access to the Documents folder to save files";
				"INFOPLIST_KEY_UIApplicationSceneManifest_Generation[sdk=iphoneos*]" = YES;
				"INFOPLIST_KEY_UIApplicationSceneManifest_Generation[sdk=iphonesimulator*]" = YES;
				"INFOPLIST_KEY_UIApplicationSupportsIndirectInputEvents[sdk=iphoneos*]" = YES;
				"INFOPLIST_KEY_UIApplicationSupportsIndirectInputEvents[sdk=iphonesimulator*]" = YES;
				"INFOPLIST_KEY_UILaunchScreen_Generation[sdk=iphoneos*]" = YES;
				"INFOPLIST_KEY_UILaunchScreen_Generation[sdk=iphonesimulator*]" = YES;
				"INFOPLIST_KEY_UIStatusBarStyle[sdk=iphoneos*]" = UIStatusBarStyleDefault;
				"INFOPLIST_KEY_UIStatusBarStyle[sdk=iphonesimulator*]" = UIStatusBarStyleDefault;
				INFOPLIST_KEY_UISupportedInterfaceOrientations_iPad = "UIInterfaceOrientationPortrait UIInterfaceOrientationPortraitUpsideDown UIInterfaceOrientationLandscapeLeft UIInterfaceOrientationLandscapeRight";
				INFOPLIST_KEY_UISupportedInterfaceOrientations_iPhone = "UIInterfaceOrientationPortrait UIInterfaceOrientationLandscapeLeft UIInterfaceOrientationLandscapeRight";
				IPHONEOS_DEPLOYMENT_TARGET = 17.0;
				LD_RUNPATH_SEARCH_PATHS = "@executable_path/Frameworks";
				"LD_RUNPATH_SEARCH_PATHS[sdk=macosx*]" = "@executable_path/../Frameworks";
				MACOSX_DEPLOYMENT_TARGET = 14.0;
				MARKETING_VERSION = 1.0;
				PRODUCT_BUNDLE_IDENTIFIER = "com.santeliz.IMS-Apple";
				PRODUCT_NAME = "$(TARGET_NAME)";
				SDKROOT = auto;
				SUPPORTED_PLATFORMS = "iphoneos iphonesimulator macosx";
				SWIFT_EMIT_LOC_STRINGS = YES;
				SWIFT_VERSION = 5.0;
				TARGETED_DEVICE_FAMILY = "1,2";
			};
			name = Debug;
		};
		33EA67532C48BDA4007A9DBE /* Release */ = {
			isa = XCBuildConfiguration;
			buildSettings = {
				ASSETCATALOG_COMPILER_APPICON_NAME = AppIcon;
				ASSETCATALOG_COMPILER_GLOBAL_ACCENT_COLOR_NAME = AccentColor;
				CODE_SIGN_ENTITLEMENTS = "IMS Apple/IMS_Apple.entitlements";
				CODE_SIGN_STYLE = Automatic;
				CURRENT_PROJECT_VERSION = 1;
				DEVELOPMENT_ASSET_PATHS = "\"IMS Apple/Preview Content\"";
				DEVELOPMENT_TEAM = "";
				ENABLE_HARDENED_RUNTIME = YES;
				ENABLE_PREVIEWS = YES;
				GENERATE_INFOPLIST_FILE = YES;
				INFOPLIST_FILE = "IMS-Apple-Info.plist";
				INFOPLIST_KEY_CFBundleDisplayName = "";
				INFOPLIST_KEY_LSApplicationCategoryType = "";
				INFOPLIST_KEY_NSDocumentsFolderUsageDescription = "This app needs access to the Documents folder to save files";
				"INFOPLIST_KEY_UIApplicationSceneManifest_Generation[sdk=iphoneos*]" = YES;
				"INFOPLIST_KEY_UIApplicationSceneManifest_Generation[sdk=iphonesimulator*]" = YES;
				"INFOPLIST_KEY_UIApplicationSupportsIndirectInputEvents[sdk=iphoneos*]" = YES;
				"INFOPLIST_KEY_UIApplicationSupportsIndirectInputEvents[sdk=iphonesimulator*]" = YES;
				"INFOPLIST_KEY_UILaunchScreen_Generation[sdk=iphoneos*]" = YES;
				"INFOPLIST_KEY_UILaunchScreen_Generation[sdk=iphonesimulator*]" = YES;
				"INFOPLIST_KEY_UIStatusBarStyle[sdk=iphoneos*]" = UIStatusBarStyleDefault;
				"INFOPLIST_KEY_UIStatusBarStyle[sdk=iphonesimulator*]" = UIStatusBarStyleDefault;
				INFOPLIST_KEY_UISupportedInterfaceOrientations_iPad = "UIInterfaceOrientationPortrait UIInterfaceOrientationPortraitUpsideDown UIInterfaceOrientationLandscapeLeft UIInterfaceOrientationLandscapeRight";
				INFOPLIST_KEY_UISupportedInterfaceOrientations_iPhone = "UIInterfaceOrientationPortrait UIInterfaceOrientationLandscapeLeft UIInterfaceOrientationLandscapeRight";
				IPHONEOS_DEPLOYMENT_TARGET = 17.0;
				LD_RUNPATH_SEARCH_PATHS = "@executable_path/Frameworks";
				"LD_RUNPATH_SEARCH_PATHS[sdk=macosx*]" = "@executable_path/../Frameworks";
				MACOSX_DEPLOYMENT_TARGET = 14.0;
				MARKETING_VERSION = 1.0;
				PRODUCT_BUNDLE_IDENTIFIER = "com.santeliz.IMS-Apple";
				PRODUCT_NAME = "$(TARGET_NAME)";
				SDKROOT = auto;
				SUPPORTED_PLATFORMS = "iphoneos iphonesimulator macosx";
				SWIFT_EMIT_LOC_STRINGS = YES;
				SWIFT_VERSION = 5.0;
				TARGETED_DEVICE_FAMILY = "1,2";
			};
			name = Release;
		};
/* End XCBuildConfiguration section */

/* Begin XCConfigurationList section */
		33EA673D2C48BDA2007A9DBE /* Build configuration list for PBXProject "IMS Apple" */ = {
			isa = XCConfigurationList;
			buildConfigurations = (
				33EA674F2C48BDA4007A9DBE /* Debug */,
				33EA67502C48BDA4007A9DBE /* Release */,
			);
			defaultConfigurationIsVisible = 0;
			defaultConfigurationName = Release;
		};
		33EA67512C48BDA4007A9DBE /* Build configuration list for PBXNativeTarget "IMS Apple" */ = {
			isa = XCConfigurationList;
			buildConfigurations = (
				33EA67522C48BDA4007A9DBE /* Debug */,
				33EA67532C48BDA4007A9DBE /* Release */,
			);
			defaultConfigurationIsVisible = 0;
			defaultConfigurationName = Release;
		};
/* End XCConfigurationList section */
	};
	rootObject = 33EA673A2C48BDA2007A9DBE /* Project object */;
}
